{
  "name": "coloring-palette",
  "version": "0.0.1",
  "lockfileVersion": 1,
  "requires": true,
  "dependencies": {
    "@ctrl/tinycolor": {
      "version": "2.4.0",
      "resolved": "https://registry.npmjs.org/@ctrl/tinycolor/-/tinycolor-2.4.0.tgz",
      "integrity": "sha512-ZLjdsst8/ENM6spDmh3qPQSM+iDSerTGjA05KhAXog7o/aOa9tn7qzWMeOtJzGaDMmsBLxh4IuZ5GH7nfda9gg=="
    },
    "bezier-easing": {
      "version": "2.1.0",
      "resolved": "https://registry.npmjs.org/bezier-easing/-/bezier-easing-2.1.0.tgz",
      "integrity": "sha1-wE3+i5JtbsrKGBPWn/F5t8ICXYY="
    }
  }
}
